# This file was autogenerated by uv via the following command:
#    uv pip compile pyproject.toml -o uv.lock
alembic==1.17.2
    # via gridworks-journalkeeper (pyproject.toml)
annotated-doc==0.0.4
    # via fastapi
annotated-types==0.7.0
    # via pydantic
anyio==4.12.1
    # via starlette
awscli==1.44.15
    # via gridworks-journalkeeper (pyproject.toml)
boto3==1.42.25
    # via gridworks-journalkeeper (pyproject.toml)
botocore==1.42.25
    # via
    #   awscli
    #   boto3
    #   s3transfer
certifi==2026.1.4
    # via requests
cffi==2.0.0
    # via pynacl
charset-normalizer==3.4.4
    # via requests
click==8.3.1
    # via
    #   gridworks-journalkeeper (pyproject.toml)
    #   uvicorn
colorama==0.4.6
    # via awscli
deepdiff==8.6.1
    # via gridworks-journalkeeper (pyproject.toml)
docutils==0.19
    # via awscli
fastapi==0.128.0
    # via gridworks-journalkeeper (pyproject.toml)
gridworks==1.4.2
    # via gridworks-base
gridworks-base==0.3.5
    # via gridworks-journalkeeper (pyproject.toml)
h11==0.16.0
    # via uvicorn
idna==3.11
    # via
    #   anyio
    #   requests
jmespath==1.0.1
    # via
    #   boto3
    #   botocore
mako==1.3.10
    # via alembic
markupsafe==3.0.3
    # via mako
msgpack==1.1.2
    # via py-algorand-sdk
orderly-set==5.5.0
    # via deepdiff
pendulum==3.1.0
    # via gridworks-journalkeeper (pyproject.toml)
pika==1.3.2
    # via gridworks-base
psycopg2-binary==2.9.11
    # via gridworks-journalkeeper (pyproject.toml)
py-algorand-sdk==2.11.1
    # via gridworks-base
pyasn1==0.6.1
    # via rsa
pycparser==2.23
    # via cffi
pycryptodomex==3.23.0
    # via py-algorand-sdk
pydantic==2.12.5
    # via
    #   fastapi
    #   gridworks
    #   gridworks-base
    #   pydantic-settings
pydantic-core==2.41.5
    # via pydantic
pydantic-settings==2.12.0
    # via gridworks-base
pynacl==1.6.2
    # via py-algorand-sdk
python-dateutil==2.9.0.post0
    # via
    #   botocore
    #   pendulum
python-dotenv==1.2.1
    # via
    #   gridworks
    #   gridworks-base
    #   pydantic-settings
pytz==2025.2
    # via gridworks-journalkeeper (pyproject.toml)
pyyaml==6.0.3
    # via awscli
requests==2.32.5
    # via gridworks-journalkeeper (pyproject.toml)
result==0.17.0
    # via gridworks-journalkeeper (pyproject.toml)
rsa==4.7.2
    # via awscli
s3transfer==0.16.0
    # via
    #   awscli
    #   boto3
six==1.17.0
    # via python-dateutil
sqlalchemy==2.0.45
    # via
    #   gridworks-journalkeeper (pyproject.toml)
    #   alembic
starlette==0.50.0
    # via fastapi
typing-extensions==4.15.0
    # via
    #   alembic
    #   anyio
    #   fastapi
    #   pydantic
    #   pydantic-core
    #   sqlalchemy
    #   starlette
    #   typing-inspection
typing-inspection==0.4.2
    # via
    #   pydantic
    #   pydantic-settings
tzdata==2025.3
    # via pendulum
urllib3==2.6.3
    # via
    #   botocore
    #   requests
uvicorn==0.40.0
    # via gridworks-journalkeeper (pyproject.toml)
